
Microsoft Visual Studio Solution File, Format Version 12.00
# Visual Studio Version 17
VisualStudioVersion = 17.1.32319.34
MinimumVisualStudioVersion = 10.0.40219.1
Project("{FAE04EC0-301F-11D3-BF4B-00C04F79EFBC}") = "WatermarkApp", "WatermarkApp.csproj", "{8CBEE776-2B1F-4AA8-9901-122F8A3D0406}"
EndProject
Project("{2150E333-8FDC-42A3-9474-1A3956D46DE8}") = "Solution Items", "Solution Items", "{385E0552-DEC3-40AE-AFD6-591AA4DC4D94}"
	ProjectSection(SolutionItems) = preProject
		.editorconfig = .editorconfig
	EndProjectSection
EndProject
Global
	GlobalSection(SolutionConfigurationPlatforms) = preSolution
		Debug|Any CPU = Debug|Any CPU
		Release|Any CPU = Release|Any CPU
	EndGlobalSection
	GlobalSection(ProjectConfigurationPlatforms) = postSolution
		{8CBEE776-2B1F-4AA8-9901-122F8A3D0406}.Debug|Any CPU.ActiveCfg = Debug|Any CPU
		{8CBEE776-2B1F-4AA8-9901-122F8A3D0406}.Debug|Any CPU.Build.0 = Debug|Any CPU
		{8CBEE776-2B1F-4AA8-9901-122F8A3D0406}.Release|Any CPU.ActiveCfg = Release|Any CPU
		{8CBEE776-2B1F-4AA8-9901-122F8A3D0406}.Release|Any CPU.Build.0 = Release|Any CPU
	EndGlobalSection
	GlobalSection(SolutionProperties) = preSolution
		HideSolutionNode = FALSE
	EndGlobalSection
	GlobalSection(ExtensibilityGlobals) = postSolution
		SolutionGuid = {9F7D5C02-DEB7-433A-89C0-6FB8201DD7D3}
	EndGlobalSection
EndGlobal
